
Microsoft Visual Studio Solution File, Format Version 12.00
# Visual Studio 14
VisualStudioVersion = 14.0.24720.0
MinimumVisualStudioVersion = 10.0.40219.1
Project("{FAE04EC0-301F-11D3-BF4B-00C04F79EFBC}") = "xamlrenderingbackgroundtaskdemo", "xamlrenderingbackgroundtaskdemo\xamlrenderingbackgroundtaskdemo.csproj", "{16CE4F22-959A-4C14-9F0D-A49429976DDF}"
EndProject
Project("{8BC9CEB8-8B4A-11D0-8D11-00A0C91BC942}") = "BackgroundTask", "BackgroundTask\BackgroundTask.vcxproj", "{DEB0FC45-E0CE-42B2-9300-15A631EC444E}"
EndProject
Global
	GlobalSection(SolutionConfigurationPlatforms) = preSolution
		Debug|ARM = Debug|ARM
		Debug|x64 = Debug|x64
		Debug|x86 = Debug|x86
		Release|ARM = Release|ARM
		Release|x64 = Release|x64
		Release|x86 = Release|x86
	EndGlobalSection
	GlobalSection(ProjectConfigurationPlatforms) = postSolution
		{16CE4F22-959A-4C14-9F0D-A49429976DDF}.Debug|ARM.ActiveCfg = Debug|ARM
		{16CE4F22-959A-4C14-9F0D-A49429976DDF}.Debug|ARM.Build.0 = Debug|ARM
		{16CE4F22-959A-4C14-9F0D-A49429976DDF}.Debug|ARM.Deploy.0 = Debug|ARM
		{16CE4F22-959A-4C14-9F0D-A49429976DDF}.Debug|x64.ActiveCfg = Debug|x64
		{16CE4F22-959A-4C14-9F0D-A49429976DDF}.Debug|x64.Build.0 = Debug|x64
		{16CE4F22-959A-4C14-9F0D-A49429976DDF}.Debug|x64.Deploy.0 = Debug|x64
		{16CE4F22-959A-4C14-9F0D-A49429976DDF}.Debug|x86.ActiveCfg = Debug|x86
		{16CE4F22-959A-4C14-9F0D-A49429976DDF}.Debug|x86.Build.0 = Debug|x86
		{16CE4F22-959A-4C14-9F0D-A49429976DDF}.Debug|x86.Deploy.0 = Debug|x86
		{16CE4F22-959A-4C14-9F0D-A49429976DDF}.Release|ARM.ActiveCfg = Release|ARM
		{16CE4F22-959A-4C14-9F0D-A49429976DDF}.Release|ARM.Build.0 = Release|ARM
		{16CE4F22-959A-4C14-9F0D-A49429976DDF}.Release|ARM.Deploy.0 = Release|ARM
		{16CE4F22-959A-4C14-9F0D-A49429976DDF}.Release|x64.ActiveCfg = Release|x64
		{16CE4F22-959A-4C14-9F0D-A49429976DDF}.Release|x64.Build.0 = Release|x64
		{16CE4F22-959A-4C14-9F0D-A49429976DDF}.Release|x64.Deploy.0 = Release|x64
		{16CE4F22-959A-4C14-9F0D-A49429976DDF}.Release|x86.ActiveCfg = Release|x86
		{16CE4F22-959A-4C14-9F0D-A49429976DDF}.Release|x86.Build.0 = Release|x86
		{16CE4F22-959A-4C14-9F0D-A49429976DDF}.Release|x86.Deploy.0 = Release|x86
		{DEB0FC45-E0CE-42B2-9300-15A631EC444E}.Debug|ARM.ActiveCfg = Debug|ARM
		{DEB0FC45-E0CE-42B2-9300-15A631EC444E}.Debug|ARM.Build.0 = Debug|ARM
		{DEB0FC45-E0CE-42B2-9300-15A631EC444E}.Debug|x64.ActiveCfg = Debug|x64
		{DEB0FC45-E0CE-42B2-9300-15A631EC444E}.Debug|x64.Build.0 = Debug|x64
		{DEB0FC45-E0CE-42B2-9300-15A631EC444E}.Debug|x86.ActiveCfg = Debug|Win32
		{DEB0FC45-E0CE-42B2-9300-15A631EC444E}.Debug|x86.Build.0 = Debug|Win32
		{DEB0FC45-E0CE-42B2-9300-15A631EC444E}.Release|ARM.ActiveCfg = Release|ARM
		{DEB0FC45-E0CE-42B2-9300-15A631EC444E}.Release|ARM.Build.0 = Release|ARM
		{DEB0FC45-E0CE-42B2-9300-15A631EC444E}.Release|x64.ActiveCfg = Release|x64
		{DEB0FC45-E0CE-42B2-9300-15A631EC444E}.Release|x64.Build.0 = Release|x64
		{DEB0FC45-E0CE-42B2-9300-15A631EC444E}.Release|x86.ActiveCfg = Release|Win32
		{DEB0FC45-E0CE-42B2-9300-15A631EC444E}.Release|x86.Build.0 = Release|Win32
	EndGlobalSection
	GlobalSection(SolutionProperties) = preSolution
		HideSolutionNode = FALSE
	EndGlobalSection
EndGlobal
